
Microsoft Visual Studio Solution File, Format Version 12.00
# Visual Studio 15
VisualStudioVersion = 15.0.27703.2026
MinimumVisualStudioVersion = 10.0.40219.1
Project("{FAE04EC0-301F-11D3-BF4B-00C04F79EFBC}") = "basic_programming", "basic_programming\basic_programming.csproj", "{2717F4EB-FDDA-4EFB-BE20-7598B0B77589}"
EndProject
Global
	GlobalSection(SolutionConfigurationPlatforms) = preSolution
		Debug|Any CPU = Debug|Any CPU
		Release|Any CPU = Release|Any CPU
	EndGlobalSection
	GlobalSection(ProjectConfigurationPlatforms) = postSolution
		{2717F4EB-FDDA-4EFB-BE20-7598B0B77589}.Debug|Any CPU.ActiveCfg = Debug|Any CPU
		{2717F4EB-FDDA-4EFB-BE20-7598B0B77589}.Debug|Any CPU.Build.0 = Debug|Any CPU
		{2717F4EB-FDDA-4EFB-BE20-7598B0B77589}.Release|Any CPU.ActiveCfg = Release|Any CPU
		{2717F4EB-FDDA-4EFB-BE20-7598B0B77589}.Release|Any CPU.Build.0 = Release|Any CPU
	EndGlobalSection
	GlobalSection(SolutionProperties) = preSolution
		HideSolutionNode = FALSE
	EndGlobalSection
	GlobalSection(ExtensibilityGlobals) = postSolution
		SolutionGuid = {89E77957-E722-49CC-8595-B4C8657F4E16}
	EndGlobalSection
EndGlobal
