
Microsoft Visual Studio Solution File, Format Version 12.00
# Visual Studio 15
VisualStudioVersion = 15.0.27703.2026
MinimumVisualStudioVersion = 10.0.40219.1
Project("{FAE04EC0-301F-11D3-BF4B-00C04F79EFBC}") = "reversideExcersises_patterns", "reversideExcersises_patterns\reversideExcersises_patterns.csproj", "{B55AE7BA-15FE-4738-844B-BFF140B2389E}"
EndProject
Global
	GlobalSection(SolutionConfigurationPlatforms) = preSolution
		Debug|Any CPU = Debug|Any CPU
		Release|Any CPU = Release|Any CPU
	EndGlobalSection
	GlobalSection(ProjectConfigurationPlatforms) = postSolution
		{B55AE7BA-15FE-4738-844B-BFF140B2389E}.Debug|Any CPU.ActiveCfg = Debug|Any CPU
		{B55AE7BA-15FE-4738-844B-BFF140B2389E}.Debug|Any CPU.Build.0 = Debug|Any CPU
		{B55AE7BA-15FE-4738-844B-BFF140B2389E}.Release|Any CPU.ActiveCfg = Release|Any CPU
		{B55AE7BA-15FE-4738-844B-BFF140B2389E}.Release|Any CPU.Build.0 = Release|Any CPU
	EndGlobalSection
	GlobalSection(SolutionProperties) = preSolution
		HideSolutionNode = FALSE
	EndGlobalSection
	GlobalSection(ExtensibilityGlobals) = postSolution
		SolutionGuid = {0B963C37-9FFC-47D1-BFDC-1194D261E047}
	EndGlobalSection
EndGlobal
