
Microsoft Visual Studio Solution File, Format Version 12.00
# Visual Studio 15
VisualStudioVersion = 15.0.27703.2026
MinimumVisualStudioVersion = 10.0.40219.1
Project("{FAE04EC0-301F-11D3-BF4B-00C04F79EFBC}") = "reversideTrainingP2", "reversideTrainingP2\reversideTrainingP2.csproj", "{06026D96-9E67-4C41-9473-14BE78DB7EDD}"
EndProject
Global
	GlobalSection(SolutionConfigurationPlatforms) = preSolution
		Debug|Any CPU = Debug|Any CPU
		Release|Any CPU = Release|Any CPU
	EndGlobalSection
	GlobalSection(ProjectConfigurationPlatforms) = postSolution
		{06026D96-9E67-4C41-9473-14BE78DB7EDD}.Debug|Any CPU.ActiveCfg = Debug|Any CPU
		{06026D96-9E67-4C41-9473-14BE78DB7EDD}.Debug|Any CPU.Build.0 = Debug|Any CPU
		{06026D96-9E67-4C41-9473-14BE78DB7EDD}.Release|Any CPU.ActiveCfg = Release|Any CPU
		{06026D96-9E67-4C41-9473-14BE78DB7EDD}.Release|Any CPU.Build.0 = Release|Any CPU
	EndGlobalSection
	GlobalSection(SolutionProperties) = preSolution
		HideSolutionNode = FALSE
	EndGlobalSection
	GlobalSection(ExtensibilityGlobals) = postSolution
		SolutionGuid = {46605363-35F4-473C-AAE9-6B4E4DCC46DF}
	EndGlobalSection
EndGlobal
